
Microsoft Visual Studio Solution File, Format Version 12.00
# Visual Studio Version 17
VisualStudioVersion = 17.13.35931.197 d17.13
MinimumVisualStudioVersion = 10.0.40219.1
Project("{FAE04EC0-301F-11D3-BF4B-00C04F79EFBC}") = "Atividade01", "Atividade01\Atividade01.csproj", "{082E0328-3B3C-459E-BC9C-293D72228ECB}"
EndProject
Global
	GlobalSection(SolutionConfigurationPlatforms) = preSolution
		Debug|Any CPU = Debug|Any CPU
		Release|Any CPU = Release|Any CPU
	EndGlobalSection
	GlobalSection(ProjectConfigurationPlatforms) = postSolution
		{082E0328-3B3C-459E-BC9C-293D72228ECB}.Debug|Any CPU.ActiveCfg = Debug|Any CPU
		{082E0328-3B3C-459E-BC9C-293D72228ECB}.Debug|Any CPU.Build.0 = Debug|Any CPU
		{082E0328-3B3C-459E-BC9C-293D72228ECB}.Release|Any CPU.ActiveCfg = Release|Any CPU
		{082E0328-3B3C-459E-BC9C-293D72228ECB}.Release|Any CPU.Build.0 = Release|Any CPU
	EndGlobalSection
	GlobalSection(SolutionProperties) = preSolution
		HideSolutionNode = FALSE
	EndGlobalSection
	GlobalSection(ExtensibilityGlobals) = postSolution
		SolutionGuid = {D4CAD470-5D21-4B43-82BC-D3EAE7BBF946}
	EndGlobalSection
EndGlobal
